
Microsoft Visual Studio Solution File, Format Version 12.00
# Visual Studio Version 16
VisualStudioVersion = 16.0.32602.291
MinimumVisualStudioVersion = 10.0.40219.1
Project("{8BC9CEB8-8B4A-11D0-8D11-00A0C91BC942}") = "NetMaster_Client", "NetMaster_Client\NetMaster_Client.vcxproj", "{4AE77022-D818-441A-A9B1-FB84EAB36B17}"
EndProject
Global
	GlobalSection(SolutionConfigurationPlatforms) = preSolution
		Debug|x64 = Debug|x64
		Debug|x86 = Debug|x86
		Release|x64 = Release|x64
		Release|x86 = Release|x86
	EndGlobalSection
	GlobalSection(ProjectConfigurationPlatforms) = postSolution
		{4AE77022-D818-441A-A9B1-FB84EAB36B17}.Debug|x64.ActiveCfg = Debug|x64
		{4AE77022-D818-441A-A9B1-FB84EAB36B17}.Debug|x64.Build.0 = Debug|x64
		{4AE77022-D818-441A-A9B1-FB84EAB36B17}.Debug|x86.ActiveCfg = Debug|Win32
		{4AE77022-D818-441A-A9B1-FB84EAB36B17}.Debug|x86.Build.0 = Debug|Win32
		{4AE77022-D818-441A-A9B1-FB84EAB36B17}.Release|x64.ActiveCfg = Release|x64
		{4AE77022-D818-441A-A9B1-FB84EAB36B17}.Release|x64.Build.0 = Release|x64
		{4AE77022-D818-441A-A9B1-FB84EAB36B17}.Release|x86.ActiveCfg = Release|Win32
		{4AE77022-D818-441A-A9B1-FB84EAB36B17}.Release|x86.Build.0 = Release|Win32
	EndGlobalSection
	GlobalSection(SolutionProperties) = preSolution
		HideSolutionNode = FALSE
	EndGlobalSection
	GlobalSection(ExtensibilityGlobals) = postSolution
		SolutionGuid = {BBAF91A7-D348-4ECA-964E-86B3A6407B11}
	EndGlobalSection
EndGlobal
